<?xml version="1.0" encoding="UTF-8"?>
<Scheme
   version = "1.3">
   <BuildAction>
      <BuildActionEntries>
         <BuildActionEntry
            buildForRunning = "YES">
            <BuildableReference
               BuildableIdentifier = "primary"
               BlueprintIdentifier = "ED7C9F2C888B63DFD39A0F97"
               BuildableName = "AreYouConscious?.app"
               BlueprintName = "AreYouConscious?"
               ReferencedContainer = "container:AreYouConscious?.xcodeproj">
            </BuildableReference>
         </BuildActionEntry>
      </BuildActionEntries>
   </BuildAction>
   <LaunchAction
      useCustomWorkingDirectory = "NO"
      buildConfiguration = "Debug"
      allowLocationSimulation = "YES">
      <BuildableProductRunnable>
         <BuildableReference
            BuildableIdentifier = "primary"
            BlueprintIdentifier = "ED7C9F2C888B63DFD39A0F97"
            BuildableName = "AreYouConscious?.app"
            BlueprintName = "AreYouConscious?"
            ReferencedContainer = "container:AreYouConscious?.xcodeproj">
         </BuildableReference>
      </BuildableProductRunnable>
   </LaunchAction>
</Scheme>
